# THIS IS AN AUTOGENERATED FILE. DO NOT EDIT THIS FILE DIRECTLY.
# yarn lockfile v1


react-hook-form@^7.6.8:
  version "7.6.8"
  resolved "https://registry.yarnpkg.com/react-hook-form/-/react-hook-form-7.6.8.tgz#d47308b04e98a2beed73059125bdff84412d8194"
  integrity sha512-Ri+XImhd/2bY4rV+aME0ij3G1L3cyhAErlhKmhDkgJx3NjCNQ+5et2Y1qp87mSDIyZq5UOFtRm0tDXEaTP3DPw==
